
Microsoft Visual Studio Solution File, Format Version 12.00
# Visual Studio 14
VisualStudioVersion = 14.0.24720.0
MinimumVisualStudioVersion = 10.0.40219.1
Project("{FAE04EC0-301F-11D3-BF4B-00C04F79EFBC}") = "AcessoDB", "AcessoDB\AcessoDB.csproj", "{0DD4380C-EFAC-481B-9242-4E901CC94BC2}"
EndProject
Project("{FAE04EC0-301F-11D3-BF4B-00C04F79EFBC}") = "Negocios", "Negocios\Negocios.csproj", "{D40D60D5-4497-439B-9AE9-9C9396C1F902}"
EndProject
Project("{FAE04EC0-301F-11D3-BF4B-00C04F79EFBC}") = "Apresentação", "Apresentação\Apresentação.csproj", "{1F5CD2FA-55DB-42DA-B3C5-7DC3C1F08FDB}"
EndProject
Project("{FAE04EC0-301F-11D3-BF4B-00C04F79EFBC}") = "DTO", "DTO\DTO.csproj", "{23046E2F-DAEC-4A01-9287-EEB05FD6C7AF}"
EndProject
Global
	GlobalSection(SolutionConfigurationPlatforms) = preSolution
		Debug|Any CPU = Debug|Any CPU
		Release|Any CPU = Release|Any CPU
	EndGlobalSection
	GlobalSection(ProjectConfigurationPlatforms) = postSolution
		{0DD4380C-EFAC-481B-9242-4E901CC94BC2}.Debug|Any CPU.ActiveCfg = Debug|Any CPU
		{0DD4380C-EFAC-481B-9242-4E901CC94BC2}.Debug|Any CPU.Build.0 = Debug|Any CPU
		{0DD4380C-EFAC-481B-9242-4E901CC94BC2}.Release|Any CPU.ActiveCfg = Release|Any CPU
		{0DD4380C-EFAC-481B-9242-4E901CC94BC2}.Release|Any CPU.Build.0 = Release|Any CPU
		{D40D60D5-4497-439B-9AE9-9C9396C1F902}.Debug|Any CPU.ActiveCfg = Debug|Any CPU
		{D40D60D5-4497-439B-9AE9-9C9396C1F902}.Debug|Any CPU.Build.0 = Debug|Any CPU
		{D40D60D5-4497-439B-9AE9-9C9396C1F902}.Release|Any CPU.ActiveCfg = Release|Any CPU
		{D40D60D5-4497-439B-9AE9-9C9396C1F902}.Release|Any CPU.Build.0 = Release|Any CPU
		{1F5CD2FA-55DB-42DA-B3C5-7DC3C1F08FDB}.Debug|Any CPU.ActiveCfg = Debug|Any CPU
		{1F5CD2FA-55DB-42DA-B3C5-7DC3C1F08FDB}.Debug|Any CPU.Build.0 = Debug|Any CPU
		{1F5CD2FA-55DB-42DA-B3C5-7DC3C1F08FDB}.Release|Any CPU.ActiveCfg = Release|Any CPU
		{1F5CD2FA-55DB-42DA-B3C5-7DC3C1F08FDB}.Release|Any CPU.Build.0 = Release|Any CPU
		{23046E2F-DAEC-4A01-9287-EEB05FD6C7AF}.Debug|Any CPU.ActiveCfg = Debug|Any CPU
		{23046E2F-DAEC-4A01-9287-EEB05FD6C7AF}.Debug|Any CPU.Build.0 = Debug|Any CPU
		{23046E2F-DAEC-4A01-9287-EEB05FD6C7AF}.Release|Any CPU.ActiveCfg = Release|Any CPU
		{23046E2F-DAEC-4A01-9287-EEB05FD6C7AF}.Release|Any CPU.Build.0 = Release|Any CPU
	EndGlobalSection
	GlobalSection(SolutionProperties) = preSolution
		HideSolutionNode = FALSE
	EndGlobalSection
EndGlobal
